
Microsoft Visual Studio Solution File, Format Version 12.00
# Visual Studio Version 17
VisualStudioVersion = 17.2.32602.215
MinimumVisualStudioVersion = 10.0.40219.1
Project("{9A19103F-16F7-4668-BE54-9A1E7A4F7556}") = "LinkedOut.Common.Core", "LinkedOut.Common.Core\LinkedOut.Common.Core.csproj", "{73699A8C-FBDE-4DF3-8C7F-CA104B94894B}"
EndProject
Project("{9A19103F-16F7-4668-BE54-9A1E7A4F7556}") = "LinkedOut.Tweet", "LinkedOut.Tweet\LinkedOut.Tweet.csproj", "{4855FA3C-0CAC-43B9-8C25-2712980E9492}"
EndProject
Project("{9A19103F-16F7-4668-BE54-9A1E7A4F7556}") = "LinkedOut.User", "LinkedOut.User\LinkedOut.User.csproj", "{AB901A4D-76A1-4B3B-BC79-94824C0827EC}"
EndProject
Project("{9A19103F-16F7-4668-BE54-9A1E7A4F7556}") = "LinkedOut.Recruitment", "LinkedOut.Recruitment\LinkedOut.Recruitment.csproj", "{126A90A9-4BA4-4AD5-8D92-B90429F006D7}"
EndProject
Project("{2150E333-8FDC-42A3-9474-1A3956D46DE8}") = "Db", "Db", "{61E3A6EC-E3E4-4147-8064-7D878FC8C0E4}"
EndProject
Project("{9A19103F-16F7-4668-BE54-9A1E7A4F7556}") = "LinkedOut.DB", "LinkedOut.DB\LinkedOut.DB.csproj", "{69AC9BD3-824E-4E4D-B841-06D81E76F213}"
EndProject
Project("{9A19103F-16F7-4668-BE54-9A1E7A4F7556}") = "LinkedOut.Gateway", "LinkedOut.Gateway\LinkedOut.Gateway.csproj", "{622D2E51-447A-4B98-8AAF-EC1787E96D16}"
EndProject
Project("{2150E333-8FDC-42A3-9474-1A3956D46DE8}") = "Common", "Common", "{8FB52098-70B7-4D1B-A09D-C7386AE3F7A4}"
EndProject
Project("{9A19103F-16F7-4668-BE54-9A1E7A4F7556}") = "LinkedOut.Common.Feign", "LinkedOut.Common.Feign\LinkedOut.Common.Feign.csproj", "{116B8EA3-E21A-4C21-B904-7600679C662A}"
EndProject
Project("{2150E333-8FDC-42A3-9474-1A3956D46DE8}") = "DLL", "DLL", "{FCB2AE04-3740-4D55-9042-26A12E9C44A2}"
EndProject
Project("{8BC9CEB8-8B4A-11D0-8D11-00A0C91BC942}") = "LinkedOut.Verify", "LinkedOut.Verify\LinkedOut.Verify.vcxproj", "{BDFE0E61-7BB1-4DB0-94F2-DFEA6AAE1E63}"
EndProject
Project("{8BC9CEB8-8B4A-11D0-8D11-00A0C91BC942}") = "LinkedOut.Sub", "LinkedOut.Sub\LinkedOut.Sub.vcxproj", "{1EC7AC17-EDCB-4AF2-854A-5F513DD29142}"
EndProject
Project("{8BC9CEB8-8B4A-11D0-8D11-00A0C91BC942}") = "LinkedOut.Add", "LinkedOut.Add\LinkedOut.Add.vcxproj", "{8142C85B-4730-416C-8BBC-3017EFC07142}"
EndProject
Global
	GlobalSection(SolutionConfigurationPlatforms) = preSolution
		Debug|Any CPU = Debug|Any CPU
		Debug|x64 = Debug|x64
		Debug|x86 = Debug|x86
		Release|Any CPU = Release|Any CPU
		Release|x64 = Release|x64
		Release|x86 = Release|x86
	EndGlobalSection
	GlobalSection(ProjectConfigurationPlatforms) = postSolution
		{73699A8C-FBDE-4DF3-8C7F-CA104B94894B}.Debug|Any CPU.ActiveCfg = Debug|Any CPU
		{73699A8C-FBDE-4DF3-8C7F-CA104B94894B}.Debug|Any CPU.Build.0 = Debug|Any CPU
		{73699A8C-FBDE-4DF3-8C7F-CA104B94894B}.Debug|x64.ActiveCfg = Debug|Any CPU
		{73699A8C-FBDE-4DF3-8C7F-CA104B94894B}.Debug|x64.Build.0 = Debug|Any CPU
		{73699A8C-FBDE-4DF3-8C7F-CA104B94894B}.Debug|x86.ActiveCfg = Debug|Any CPU
		{73699A8C-FBDE-4DF3-8C7F-CA104B94894B}.Debug|x86.Build.0 = Debug|Any CPU
		{73699A8C-FBDE-4DF3-8C7F-CA104B94894B}.Release|Any CPU.ActiveCfg = Release|Any CPU
		{73699A8C-FBDE-4DF3-8C7F-CA104B94894B}.Release|Any CPU.Build.0 = Release|Any CPU
		{73699A8C-FBDE-4DF3-8C7F-CA104B94894B}.Release|x64.ActiveCfg = Release|Any CPU
		{73699A8C-FBDE-4DF3-8C7F-CA104B94894B}.Release|x64.Build.0 = Release|Any CPU
		{73699A8C-FBDE-4DF3-8C7F-CA104B94894B}.Release|x86.ActiveCfg = Release|Any CPU
		{73699A8C-FBDE-4DF3-8C7F-CA104B94894B}.Release|x86.Build.0 = Release|Any CPU
		{4855FA3C-0CAC-43B9-8C25-2712980E9492}.Debug|Any CPU.ActiveCfg = Debug|Any CPU
		{4855FA3C-0CAC-43B9-8C25-2712980E9492}.Debug|Any CPU.Build.0 = Debug|Any CPU
		{4855FA3C-0CAC-43B9-8C25-2712980E9492}.Debug|x64.ActiveCfg = Debug|Any CPU
		{4855FA3C-0CAC-43B9-8C25-2712980E9492}.Debug|x64.Build.0 = Debug|Any CPU
		{4855FA3C-0CAC-43B9-8C25-2712980E9492}.Debug|x86.ActiveCfg = Debug|Any CPU
		{4855FA3C-0CAC-43B9-8C25-2712980E9492}.Debug|x86.Build.0 = Debug|Any CPU
		{4855FA3C-0CAC-43B9-8C25-2712980E9492}.Release|Any CPU.ActiveCfg = Release|Any CPU
		{4855FA3C-0CAC-43B9-8C25-2712980E9492}.Release|Any CPU.Build.0 = Release|Any CPU
		{4855FA3C-0CAC-43B9-8C25-2712980E9492}.Release|x64.ActiveCfg = Release|Any CPU
		{4855FA3C-0CAC-43B9-8C25-2712980E9492}.Release|x64.Build.0 = Release|Any CPU
		{4855FA3C-0CAC-43B9-8C25-2712980E9492}.Release|x86.ActiveCfg = Release|Any CPU
		{4855FA3C-0CAC-43B9-8C25-2712980E9492}.Release|x86.Build.0 = Release|Any CPU
		{AB901A4D-76A1-4B3B-BC79-94824C0827EC}.Debug|Any CPU.ActiveCfg = Debug|Any CPU
		{AB901A4D-76A1-4B3B-BC79-94824C0827EC}.Debug|Any CPU.Build.0 = Debug|Any CPU
		{AB901A4D-76A1-4B3B-BC79-94824C0827EC}.Debug|x64.ActiveCfg = Debug|Any CPU
		{AB901A4D-76A1-4B3B-BC79-94824C0827EC}.Debug|x64.Build.0 = Debug|Any CPU
		{AB901A4D-76A1-4B3B-BC79-94824C0827EC}.Debug|x86.ActiveCfg = Debug|Any CPU
		{AB901A4D-76A1-4B3B-BC79-94824C0827EC}.Debug|x86.Build.0 = Debug|Any CPU
		{AB901A4D-76A1-4B3B-BC79-94824C0827EC}.Release|Any CPU.ActiveCfg = Release|Any CPU
		{AB901A4D-76A1-4B3B-BC79-94824C0827EC}.Release|Any CPU.Build.0 = Release|Any CPU
		{AB901A4D-76A1-4B3B-BC79-94824C0827EC}.Release|x64.ActiveCfg = Release|Any CPU
		{AB901A4D-76A1-4B3B-BC79-94824C0827EC}.Release|x64.Build.0 = Release|Any CPU
		{AB901A4D-76A1-4B3B-BC79-94824C0827EC}.Release|x86.ActiveCfg = Release|Any CPU
		{AB901A4D-76A1-4B3B-BC79-94824C0827EC}.Release|x86.Build.0 = Release|Any CPU
		{126A90A9-4BA4-4AD5-8D92-B90429F006D7}.Debug|Any CPU.ActiveCfg = Debug|Any CPU
		{126A90A9-4BA4-4AD5-8D92-B90429F006D7}.Debug|Any CPU.Build.0 = Debug|Any CPU
		{126A90A9-4BA4-4AD5-8D92-B90429F006D7}.Debug|x64.ActiveCfg = Debug|Any CPU
		{126A90A9-4BA4-4AD5-8D92-B90429F006D7}.Debug|x64.Build.0 = Debug|Any CPU
		{126A90A9-4BA4-4AD5-8D92-B90429F006D7}.Debug|x86.ActiveCfg = Debug|Any CPU
		{126A90A9-4BA4-4AD5-8D92-B90429F006D7}.Debug|x86.Build.0 = Debug|Any CPU
		{126A90A9-4BA4-4AD5-8D92-B90429F006D7}.Release|Any CPU.ActiveCfg = Release|Any CPU
		{126A90A9-4BA4-4AD5-8D92-B90429F006D7}.Release|Any CPU.Build.0 = Release|Any CPU
		{126A90A9-4BA4-4AD5-8D92-B90429F006D7}.Release|x64.ActiveCfg = Release|Any CPU
		{126A90A9-4BA4-4AD5-8D92-B90429F006D7}.Release|x64.Build.0 = Release|Any CPU
		{126A90A9-4BA4-4AD5-8D92-B90429F006D7}.Release|x86.ActiveCfg = Release|Any CPU
		{126A90A9-4BA4-4AD5-8D92-B90429F006D7}.Release|x86.Build.0 = Release|Any CPU
		{69AC9BD3-824E-4E4D-B841-06D81E76F213}.Debug|Any CPU.ActiveCfg = Debug|Any CPU
		{69AC9BD3-824E-4E4D-B841-06D81E76F213}.Debug|Any CPU.Build.0 = Debug|Any CPU
		{69AC9BD3-824E-4E4D-B841-06D81E76F213}.Debug|x64.ActiveCfg = Debug|Any CPU
		{69AC9BD3-824E-4E4D-B841-06D81E76F213}.Debug|x64.Build.0 = Debug|Any CPU
		{69AC9BD3-824E-4E4D-B841-06D81E76F213}.Debug|x86.ActiveCfg = Debug|Any CPU
		{69AC9BD3-824E-4E4D-B841-06D81E76F213}.Debug|x86.Build.0 = Debug|Any CPU
		{69AC9BD3-824E-4E4D-B841-06D81E76F213}.Release|Any CPU.ActiveCfg = Release|Any CPU
		{69AC9BD3-824E-4E4D-B841-06D81E76F213}.Release|Any CPU.Build.0 = Release|Any CPU
		{69AC9BD3-824E-4E4D-B841-06D81E76F213}.Release|x64.ActiveCfg = Release|Any CPU
		{69AC9BD3-824E-4E4D-B841-06D81E76F213}.Release|x64.Build.0 = Release|Any CPU
		{69AC9BD3-824E-4E4D-B841-06D81E76F213}.Release|x86.ActiveCfg = Release|Any CPU
		{69AC9BD3-824E-4E4D-B841-06D81E76F213}.Release|x86.Build.0 = Release|Any CPU
		{622D2E51-447A-4B98-8AAF-EC1787E96D16}.Debug|Any CPU.ActiveCfg = Debug|Any CPU
		{622D2E51-447A-4B98-8AAF-EC1787E96D16}.Debug|Any CPU.Build.0 = Debug|Any CPU
		{622D2E51-447A-4B98-8AAF-EC1787E96D16}.Debug|x64.ActiveCfg = Debug|Any CPU
		{622D2E51-447A-4B98-8AAF-EC1787E96D16}.Debug|x64.Build.0 = Debug|Any CPU
		{622D2E51-447A-4B98-8AAF-EC1787E96D16}.Debug|x86.ActiveCfg = Debug|Any CPU
		{622D2E51-447A-4B98-8AAF-EC1787E96D16}.Debug|x86.Build.0 = Debug|Any CPU
		{622D2E51-447A-4B98-8AAF-EC1787E96D16}.Release|Any CPU.ActiveCfg = Release|Any CPU
		{622D2E51-447A-4B98-8AAF-EC1787E96D16}.Release|Any CPU.Build.0 = Release|Any CPU
		{622D2E51-447A-4B98-8AAF-EC1787E96D16}.Release|x64.ActiveCfg = Release|Any CPU
		{622D2E51-447A-4B98-8AAF-EC1787E96D16}.Release|x64.Build.0 = Release|Any CPU
		{622D2E51-447A-4B98-8AAF-EC1787E96D16}.Release|x86.ActiveCfg = Release|Any CPU
		{622D2E51-447A-4B98-8AAF-EC1787E96D16}.Release|x86.Build.0 = Release|Any CPU
		{116B8EA3-E21A-4C21-B904-7600679C662A}.Debug|Any CPU.ActiveCfg = Debug|Any CPU
		{116B8EA3-E21A-4C21-B904-7600679C662A}.Debug|Any CPU.Build.0 = Debug|Any CPU
		{116B8EA3-E21A-4C21-B904-7600679C662A}.Debug|x64.ActiveCfg = Debug|Any CPU
		{116B8EA3-E21A-4C21-B904-7600679C662A}.Debug|x64.Build.0 = Debug|Any CPU
		{116B8EA3-E21A-4C21-B904-7600679C662A}.Debug|x86.ActiveCfg = Debug|Any CPU
		{116B8EA3-E21A-4C21-B904-7600679C662A}.Debug|x86.Build.0 = Debug|Any CPU
		{116B8EA3-E21A-4C21-B904-7600679C662A}.Release|Any CPU.ActiveCfg = Release|Any CPU
		{116B8EA3-E21A-4C21-B904-7600679C662A}.Release|Any CPU.Build.0 = Release|Any CPU
		{116B8EA3-E21A-4C21-B904-7600679C662A}.Release|x64.ActiveCfg = Release|Any CPU
		{116B8EA3-E21A-4C21-B904-7600679C662A}.Release|x64.Build.0 = Release|Any CPU
		{116B8EA3-E21A-4C21-B904-7600679C662A}.Release|x86.ActiveCfg = Release|Any CPU
		{116B8EA3-E21A-4C21-B904-7600679C662A}.Release|x86.Build.0 = Release|Any CPU
		{BDFE0E61-7BB1-4DB0-94F2-DFEA6AAE1E63}.Debug|Any CPU.ActiveCfg = Debug|x64
		{BDFE0E61-7BB1-4DB0-94F2-DFEA6AAE1E63}.Debug|Any CPU.Build.0 = Debug|x64
		{BDFE0E61-7BB1-4DB0-94F2-DFEA6AAE1E63}.Debug|x64.ActiveCfg = Debug|x64
		{BDFE0E61-7BB1-4DB0-94F2-DFEA6AAE1E63}.Debug|x64.Build.0 = Debug|x64
		{BDFE0E61-7BB1-4DB0-94F2-DFEA6AAE1E63}.Debug|x86.ActiveCfg = Debug|Win32
		{BDFE0E61-7BB1-4DB0-94F2-DFEA6AAE1E63}.Debug|x86.Build.0 = Debug|Win32
		{BDFE0E61-7BB1-4DB0-94F2-DFEA6AAE1E63}.Release|Any CPU.ActiveCfg = Release|Win32
		{BDFE0E61-7BB1-4DB0-94F2-DFEA6AAE1E63}.Release|Any CPU.Build.0 = Release|Win32
		{BDFE0E61-7BB1-4DB0-94F2-DFEA6AAE1E63}.Release|x64.ActiveCfg = Release|x64
		{BDFE0E61-7BB1-4DB0-94F2-DFEA6AAE1E63}.Release|x64.Build.0 = Release|x64
		{BDFE0E61-7BB1-4DB0-94F2-DFEA6AAE1E63}.Release|x86.ActiveCfg = Release|Win32
		{BDFE0E61-7BB1-4DB0-94F2-DFEA6AAE1E63}.Release|x86.Build.0 = Release|Win32
		{1EC7AC17-EDCB-4AF2-854A-5F513DD29142}.Debug|Any CPU.ActiveCfg = Debug|x64
		{1EC7AC17-EDCB-4AF2-854A-5F513DD29142}.Debug|Any CPU.Build.0 = Debug|x64
		{1EC7AC17-EDCB-4AF2-854A-5F513DD29142}.Debug|x64.ActiveCfg = Debug|x64
		{1EC7AC17-EDCB-4AF2-854A-5F513DD29142}.Debug|x64.Build.0 = Debug|x64
		{1EC7AC17-EDCB-4AF2-854A-5F513DD29142}.Debug|x86.ActiveCfg = Debug|Win32
		{1EC7AC17-EDCB-4AF2-854A-5F513DD29142}.Debug|x86.Build.0 = Debug|Win32
		{1EC7AC17-EDCB-4AF2-854A-5F513DD29142}.Release|Any CPU.ActiveCfg = Release|Win32
		{1EC7AC17-EDCB-4AF2-854A-5F513DD29142}.Release|Any CPU.Build.0 = Release|Win32
		{1EC7AC17-EDCB-4AF2-854A-5F513DD29142}.Release|x64.ActiveCfg = Release|x64
		{1EC7AC17-EDCB-4AF2-854A-5F513DD29142}.Release|x64.Build.0 = Release|x64
		{1EC7AC17-EDCB-4AF2-854A-5F513DD29142}.Release|x86.ActiveCfg = Release|Win32
		{1EC7AC17-EDCB-4AF2-854A-5F513DD29142}.Release|x86.Build.0 = Release|Win32
		{8142C85B-4730-416C-8BBC-3017EFC07142}.Debug|Any CPU.ActiveCfg = Debug|x64
		{8142C85B-4730-416C-8BBC-3017EFC07142}.Debug|Any CPU.Build.0 = Debug|x64
		{8142C85B-4730-416C-8BBC-3017EFC07142}.Debug|x64.ActiveCfg = Debug|x64
		{8142C85B-4730-416C-8BBC-3017EFC07142}.Debug|x64.Build.0 = Debug|x64
		{8142C85B-4730-416C-8BBC-3017EFC07142}.Debug|x86.ActiveCfg = Debug|Win32
		{8142C85B-4730-416C-8BBC-3017EFC07142}.Debug|x86.Build.0 = Debug|Win32
		{8142C85B-4730-416C-8BBC-3017EFC07142}.Release|Any CPU.ActiveCfg = Release|x64
		{8142C85B-4730-416C-8BBC-3017EFC07142}.Release|Any CPU.Build.0 = Release|x64
		{8142C85B-4730-416C-8BBC-3017EFC07142}.Release|x64.ActiveCfg = Release|x64
		{8142C85B-4730-416C-8BBC-3017EFC07142}.Release|x64.Build.0 = Release|x64
		{8142C85B-4730-416C-8BBC-3017EFC07142}.Release|x86.ActiveCfg = Release|Win32
		{8142C85B-4730-416C-8BBC-3017EFC07142}.Release|x86.Build.0 = Release|Win32
	EndGlobalSection
	GlobalSection(SolutionProperties) = preSolution
		HideSolutionNode = FALSE
	EndGlobalSection
	GlobalSection(NestedProjects) = preSolution
		{73699A8C-FBDE-4DF3-8C7F-CA104B94894B} = {8FB52098-70B7-4D1B-A09D-C7386AE3F7A4}
		{69AC9BD3-824E-4E4D-B841-06D81E76F213} = {61E3A6EC-E3E4-4147-8064-7D878FC8C0E4}
		{116B8EA3-E21A-4C21-B904-7600679C662A} = {8FB52098-70B7-4D1B-A09D-C7386AE3F7A4}
		{BDFE0E61-7BB1-4DB0-94F2-DFEA6AAE1E63} = {FCB2AE04-3740-4D55-9042-26A12E9C44A2}
		{1EC7AC17-EDCB-4AF2-854A-5F513DD29142} = {FCB2AE04-3740-4D55-9042-26A12E9C44A2}
		{8142C85B-4730-416C-8BBC-3017EFC07142} = {FCB2AE04-3740-4D55-9042-26A12E9C44A2}
	EndGlobalSection
	GlobalSection(ExtensibilityGlobals) = postSolution
		SolutionGuid = {FBF914B7-1345-49FC-930C-5AF7A40ACA4D}
	EndGlobalSection
EndGlobal
